
Microsoft Visual Studio Solution File, Format Version 12.00
# Visual Studio 15
Project("{2150E333-8FDC-42A3-9474-1A3956D46DE8}") = "UI", "UI", "{03C26D68-5166-41EF-A53D-502F4D70F144}"
EndProject
Project("{2150E333-8FDC-42A3-9474-1A3956D46DE8}") = "Tests", "Tests", "{886C3971-6F27-4AAF-9FE3-FBE56C619912}"
EndProject
Project("{2150E333-8FDC-42A3-9474-1A3956D46DE8}") = "Infrastructure", "Infrastructure", "{859AB886-3E50-454C-BCB8-9DA93F801178}"
EndProject
Project("{2150E333-8FDC-42A3-9474-1A3956D46DE8}") = "Common", "Common", "{16396CBE-692B-4FC7-A2D2-66DCDDD7FAD5}"
EndProject
Project("{FAE04EC0-301F-11D3-BF4B-00C04F79EFBC}") = "Emka3.PracticeLooper.Mappings.Contracts", "Emka3.PracticeLooper.Mappings.Contracts\Emka3.PracticeLooper.Mappings.Contracts.csproj", "{F0F8BA3B-BC2E-4475-AD1E-0B08767E52C5}"
EndProject
Project("{FAE04EC0-301F-11D3-BF4B-00C04F79EFBC}") = "Emka3.PracticeLooper.Mappings", "Emka3.PracticeLooper.Mappings\Emka3.PracticeLooper.Mappings.csproj", "{11D1F05C-156B-4DE2-9EB6-B0AF60C6B9F1}"
EndProject
Project("{2150E333-8FDC-42A3-9474-1A3956D46DE8}") = "Services", "Services", "{B6418745-95F3-4B15-96C2-DC0114A9F6D7}"
EndProject
Project("{FAE04EC0-301F-11D3-BF4B-00C04F79EFBC}") = "Emka3.PracticeLooper.Services.Contracts", "Emka3.PracticeLooper.Services.Contracts\Emka3.PracticeLooper.Services.Contracts.csproj", "{8226E868-EC68-429F-8293-33C1569E68D1}"
EndProject
Project("{FAE04EC0-301F-11D3-BF4B-00C04F79EFBC}") = "Emka3.PracticeLooper.Model", "Emka3.PracticeLooper.Model\Emka3.PracticeLooper.Model.csproj", "{649B2834-BBE9-4B71-AA24-3F416B9A034E}"
EndProject
Project("{FAE04EC0-301F-11D3-BF4B-00C04F79EFBC}") = "Emka.PracticeLooper.Mobile.Android", "Emka.PracticeLooper.Mobile.Android\Emka.PracticeLooper.Mobile.Android.csproj", "{40F7150C-911F-4AD7-BB9E-6DAF4B8B70C1}"
EndProject
Project("{FAE04EC0-301F-11D3-BF4B-00C04F79EFBC}") = "Emka3.PracticeLooper.Config", "Emka3.PracticeLooper.Config\Emka3.PracticeLooper.Config.csproj", "{C15009EA-B815-485E-88A0-FDB49F1842B4}"
EndProject
Project("{2150E333-8FDC-42A3-9474-1A3956D46DE8}") = "Bindings", "Bindings", "{31E0EB53-2365-4681-8DE9-5EB4DAD34402}"
EndProject
Project("{FAE04EC0-301F-11D3-BF4B-00C04F79EFBC}") = "SpotifyBindings.iOS", "SpotifyBindings.iOS\SpotifyBindings.iOS.csproj", "{44108E72-059A-495B-8306-18E1799257F0}"
EndProject
Project("{FAE04EC0-301F-11D3-BF4B-00C04F79EFBC}") = "SpotifyBindings.Droid", "SpotifyBindings.Droid\SpotifyBindings.Droid.csproj", "{579729A5-F297-4C8E-9F95-9D48F62B8F90}"
EndProject
Project("{FAE04EC0-301F-11D3-BF4B-00C04F79EFBC}") = "SpotifyBindings.Auth.Droid", "SpotifyBindings.Auth.Droid\SpotifyBindings.Auth.Droid.csproj", "{CF132663-0895-4522-9457-ED006BE32E86}"
EndProject
Project("{FAE04EC0-301F-11D3-BF4B-00C04F79EFBC}") = "Emka3.PracticeLooper.Utils", "Emka3.PracticeLooper.Utils\Emka3.PracticeLooper.Utils.csproj", "{BB8017A5-359F-45BD-AE7B-2835EF380F79}"
EndProject
Project("{FAE04EC0-301F-11D3-BF4B-00C04F79EFBC}") = "Emka3.PracticeLooper.Config.Contracts", "Emka3.PracticeLooper.Config.Contracts\Emka3.PracticeLooper.Config.Contracts.csproj", "{FC6130F5-C5E5-442C-9E60-8BCCE5FE4514}"
EndProject
Project("{FAE04EC0-301F-11D3-BF4B-00C04F79EFBC}") = "Emka.PracticeLooper.Mobile", "Emka.PracticeLooper.Mobile\Emka.PracticeLooper.Mobile.csproj", "{A969A2E1-66A2-4DBE-9914-A96D4333411D}"
EndProject
Project("{FAE04EC0-301F-11D3-BF4B-00C04F79EFBC}") = "Emka.PracticeLooper.Mobile.iOS", "Emka.PracticeLooper.Mobile.iOS\Emka.PracticeLooper.Mobile.iOS.csproj", "{9BB625D1-1392-445A-88AA-1749DCD79A2D}"
EndProject
Project("{FAE04EC0-301F-11D3-BF4B-00C04F79EFBC}") = "Emka.PracticeLooper.Mobile.UITests", "Emka.PracticeLooper.Mobile.UITests\Emka.PracticeLooper.Mobile.UITests.csproj", "{AC2B7579-5D07-4FF3-9EE9-3792EC6FA2A7}"
EndProject
Project("{FAE04EC0-301F-11D3-BF4B-00C04F79EFBC}") = "Emka3.PracticeLooper.Config.Tests", "Emka3.PracticeLooper.Config.Tests\Emka3.PracticeLooper.Config.Tests.csproj", "{1F07C830-1BD9-41A1-95CE-5DE132E43E10}"
EndProject
Project("{FAE04EC0-301F-11D3-BF4B-00C04F79EFBC}") = "Emka3.PracticeLooper.Service.Tests", "Emka3.PracticeLooper.Service.Tests\Emka3.PracticeLooper.Service.Tests.csproj", "{3284B994-C1D0-4A8C-B83D-7E10DC27208C}"
EndProject
Project("{FAE04EC0-301F-11D3-BF4B-00C04F79EFBC}") = "Emka.PracticeLooper.Mobile.Tests", "Emka.PracticeLooper.Mobile.Tests\Emka.PracticeLooper.Mobile.Tests.csproj", "{CCB80B24-94D5-4407-B89A-3094197845E1}"
EndProject
Project("{FAE04EC0-301F-11D3-BF4B-00C04F79EFBC}") = "RevenueCat.iOS", "RevenueCat.iOS\RevenueCat.iOS.csproj", "{6987F0B9-B7A5-4903-B574-AD75F05EFB6D}"
EndProject
Project("{FAE04EC0-301F-11D3-BF4B-00C04F79EFBC}") = "RevenueCat.Droid", "RevenueCat.Droid\RevenueCat.Droid.csproj", "{02C995CF-8872-4370-8167-AFE25F68E17E}"
EndProject
Project("{9344BDBB-3E7F-41FC-A0DD-8665D75EE146}") = "Emka3.PracticeLooper.Services", "Emka3.PracticeLooper.Services\Emka3.PracticeLooper.Services.csproj", "{F507F867-7FDA-4F57-8139-DF7D5443DE0C}"
EndProject
Global
	GlobalSection(SolutionConfigurationPlatforms) = preSolution
		Debug|iPhoneSimulator = Debug|iPhoneSimulator
		Release|iPhone = Release|iPhone
		Release|iPhoneSimulator = Release|iPhoneSimulator
		Debug|iPhone = Debug|iPhone
		Ad-Hoc|iPhone = Ad-Hoc|iPhone
		AppStore|iPhone = AppStore|iPhone
		BuildIOS|Any CPU = BuildIOS|Any CPU
		ReleaseLite|Any CPU = ReleaseLite|Any CPU
		ReleasePremium|Any CPU = ReleasePremium|Any CPU
		DebugLite|Any CPU = DebugLite|Any CPU
		DebugPremium|Any CPU = DebugPremium|Any CPU
		ReleaseAppCenterPremium|Any CPU = ReleaseAppCenterPremium|Any CPU
		PremiumTests|Any CPU = PremiumTests|Any CPU
		LiteTests|Any CPU = LiteTests|Any CPU
		Store|Any CPU = Store|Any CPU
		DebugLiteSimulator|iPhoneSimulator = DebugLiteSimulator|iPhoneSimulator
		DebugPremiumSimulator|iPhoneSimulator = DebugPremiumSimulator|iPhoneSimulator
		ReleaseLiteSimulator|iPhoneSimulator = ReleaseLiteSimulator|iPhoneSimulator
		ReleasePremiumSimulator|Any CPU = ReleasePremiumSimulator|Any CPU
	EndGlobalSection
	GlobalSection(ProjectConfigurationPlatforms) = postSolution
		{F0F8BA3B-BC2E-4475-AD1E-0B08767E52C5}.Ad-Hoc|iPhone.ActiveCfg = Debug|Any CPU
		{F0F8BA3B-BC2E-4475-AD1E-0B08767E52C5}.Ad-Hoc|iPhone.Build.0 = Debug|Any CPU
		{F0F8BA3B-BC2E-4475-AD1E-0B08767E52C5}.AppStore|iPhone.ActiveCfg = Debug|Any CPU
		{F0F8BA3B-BC2E-4475-AD1E-0B08767E52C5}.AppStore|iPhone.Build.0 = Debug|Any CPU
		{F0F8BA3B-BC2E-4475-AD1E-0B08767E52C5}.DebugLite|Any CPU.ActiveCfg = Debug|Any CPU
		{F0F8BA3B-BC2E-4475-AD1E-0B08767E52C5}.DebugLite|Any CPU.Build.0 = Debug|Any CPU
		{F0F8BA3B-BC2E-4475-AD1E-0B08767E52C5}.ReleaseLite|Any CPU.ActiveCfg = Release|Any CPU
		{F0F8BA3B-BC2E-4475-AD1E-0B08767E52C5}.ReleaseLite|Any CPU.Build.0 = Release|Any CPU
		{F0F8BA3B-BC2E-4475-AD1E-0B08767E52C5}.ReleasePremium|Any CPU.ActiveCfg = Release|Any CPU
		{F0F8BA3B-BC2E-4475-AD1E-0B08767E52C5}.ReleasePremium|Any CPU.Build.0 = Release|Any CPU
		{F0F8BA3B-BC2E-4475-AD1E-0B08767E52C5}.DebugPremium|Any CPU.ActiveCfg = Debug|Any CPU
		{F0F8BA3B-BC2E-4475-AD1E-0B08767E52C5}.DebugPremium|Any CPU.Build.0 = Debug|Any CPU
		{F0F8BA3B-BC2E-4475-AD1E-0B08767E52C5}.Store|Any CPU.ActiveCfg = Release|Any CPU
		{F0F8BA3B-BC2E-4475-AD1E-0B08767E52C5}.Store|Any CPU.Build.0 = Release|Any CPU
		{F0F8BA3B-BC2E-4475-AD1E-0B08767E52C5}.DebugLiteSimulator|iPhoneSimulator.ActiveCfg = Debug|Any CPU
		{F0F8BA3B-BC2E-4475-AD1E-0B08767E52C5}.DebugLiteSimulator|iPhoneSimulator.Build.0 = Debug|Any CPU
		{F0F8BA3B-BC2E-4475-AD1E-0B08767E52C5}.DebugPremiumSimulator|iPhoneSimulator.ActiveCfg = Debug|Any CPU
		{F0F8BA3B-BC2E-4475-AD1E-0B08767E52C5}.DebugPremiumSimulator|iPhoneSimulator.Build.0 = Debug|Any CPU
		{F0F8BA3B-BC2E-4475-AD1E-0B08767E52C5}.ReleaseLiteSimulator|iPhoneSimulator.ActiveCfg = Release|Any CPU
		{F0F8BA3B-BC2E-4475-AD1E-0B08767E52C5}.ReleaseLiteSimulator|iPhoneSimulator.Build.0 = Release|Any CPU
		{F0F8BA3B-BC2E-4475-AD1E-0B08767E52C5}.ReleasePremiumSimulator|Any CPU.ActiveCfg = Release|Any CPU
		{F0F8BA3B-BC2E-4475-AD1E-0B08767E52C5}.ReleasePremiumSimulator|Any CPU.Build.0 = Release|Any CPU
		{11D1F05C-156B-4DE2-9EB6-B0AF60C6B9F1}.Ad-Hoc|iPhone.ActiveCfg = Debug|Any CPU
		{11D1F05C-156B-4DE2-9EB6-B0AF60C6B9F1}.Ad-Hoc|iPhone.Build.0 = Debug|Any CPU
		{11D1F05C-156B-4DE2-9EB6-B0AF60C6B9F1}.AppStore|iPhone.ActiveCfg = Debug|Any CPU
		{11D1F05C-156B-4DE2-9EB6-B0AF60C6B9F1}.AppStore|iPhone.Build.0 = Debug|Any CPU
		{11D1F05C-156B-4DE2-9EB6-B0AF60C6B9F1}.DebugLite|Any CPU.ActiveCfg = Debug|Any CPU
		{11D1F05C-156B-4DE2-9EB6-B0AF60C6B9F1}.DebugLite|Any CPU.Build.0 = Debug|Any CPU
		{11D1F05C-156B-4DE2-9EB6-B0AF60C6B9F1}.ReleaseLite|Any CPU.ActiveCfg = Release|Any CPU
		{11D1F05C-156B-4DE2-9EB6-B0AF60C6B9F1}.ReleaseLite|Any CPU.Build.0 = Release|Any CPU
		{11D1F05C-156B-4DE2-9EB6-B0AF60C6B9F1}.ReleasePremium|Any CPU.ActiveCfg = Release|Any CPU
		{11D1F05C-156B-4DE2-9EB6-B0AF60C6B9F1}.ReleasePremium|Any CPU.Build.0 = Release|Any CPU
		{11D1F05C-156B-4DE2-9EB6-B0AF60C6B9F1}.DebugPremium|Any CPU.ActiveCfg = Debug|Any CPU
		{11D1F05C-156B-4DE2-9EB6-B0AF60C6B9F1}.DebugPremium|Any CPU.Build.0 = Debug|Any CPU
		{11D1F05C-156B-4DE2-9EB6-B0AF60C6B9F1}.Store|Any CPU.ActiveCfg = Release|Any CPU
		{11D1F05C-156B-4DE2-9EB6-B0AF60C6B9F1}.Store|Any CPU.Build.0 = Release|Any CPU
		{11D1F05C-156B-4DE2-9EB6-B0AF60C6B9F1}.DebugLiteSimulator|iPhoneSimulator.ActiveCfg = Debug|Any CPU
		{11D1F05C-156B-4DE2-9EB6-B0AF60C6B9F1}.DebugLiteSimulator|iPhoneSimulator.Build.0 = Debug|Any CPU
		{11D1F05C-156B-4DE2-9EB6-B0AF60C6B9F1}.DebugPremiumSimulator|iPhoneSimulator.ActiveCfg = Debug|Any CPU
		{11D1F05C-156B-4DE2-9EB6-B0AF60C6B9F1}.DebugPremiumSimulator|iPhoneSimulator.Build.0 = Debug|Any CPU
		{11D1F05C-156B-4DE2-9EB6-B0AF60C6B9F1}.ReleaseLiteSimulator|iPhoneSimulator.ActiveCfg = Release|Any CPU
		{11D1F05C-156B-4DE2-9EB6-B0AF60C6B9F1}.ReleaseLiteSimulator|iPhoneSimulator.Build.0 = Release|Any CPU
		{11D1F05C-156B-4DE2-9EB6-B0AF60C6B9F1}.ReleasePremiumSimulator|Any CPU.ActiveCfg = Release|Any CPU
		{11D1F05C-156B-4DE2-9EB6-B0AF60C6B9F1}.ReleasePremiumSimulator|Any CPU.Build.0 = Release|Any CPU
		{8226E868-EC68-429F-8293-33C1569E68D1}.Ad-Hoc|iPhone.ActiveCfg = Debug|Any CPU
		{8226E868-EC68-429F-8293-33C1569E68D1}.Ad-Hoc|iPhone.Build.0 = Debug|Any CPU
		{8226E868-EC68-429F-8293-33C1569E68D1}.AppStore|iPhone.ActiveCfg = Debug|Any CPU
		{8226E868-EC68-429F-8293-33C1569E68D1}.AppStore|iPhone.Build.0 = Debug|Any CPU
		{8226E868-EC68-429F-8293-33C1569E68D1}.DebugLite|Any CPU.ActiveCfg = Debug|Any CPU
		{8226E868-EC68-429F-8293-33C1569E68D1}.DebugLite|Any CPU.Build.0 = Debug|Any CPU
		{8226E868-EC68-429F-8293-33C1569E68D1}.ReleaseLite|Any CPU.ActiveCfg = Release|Any CPU
		{8226E868-EC68-429F-8293-33C1569E68D1}.ReleaseLite|Any CPU.Build.0 = Release|Any CPU
		{8226E868-EC68-429F-8293-33C1569E68D1}.ReleasePremium|Any CPU.ActiveCfg = Release|Any CPU
		{8226E868-EC68-429F-8293-33C1569E68D1}.ReleasePremium|Any CPU.Build.0 = Release|Any CPU
		{8226E868-EC68-429F-8293-33C1569E68D1}.DebugPremium|Any CPU.ActiveCfg = Debug|Any CPU
		{8226E868-EC68-429F-8293-33C1569E68D1}.DebugPremium|Any CPU.Build.0 = Debug|Any CPU
		{8226E868-EC68-429F-8293-33C1569E68D1}.Store|Any CPU.ActiveCfg = Release|Any CPU
		{8226E868-EC68-429F-8293-33C1569E68D1}.Store|Any CPU.Build.0 = Release|Any CPU
		{8226E868-EC68-429F-8293-33C1569E68D1}.DebugLiteSimulator|iPhoneSimulator.ActiveCfg = Debug|Any CPU
		{8226E868-EC68-429F-8293-33C1569E68D1}.DebugLiteSimulator|iPhoneSimulator.Build.0 = Debug|Any CPU
		{8226E868-EC68-429F-8293-33C1569E68D1}.DebugPremiumSimulator|iPhoneSimulator.ActiveCfg = Debug|Any CPU
		{8226E868-EC68-429F-8293-33C1569E68D1}.DebugPremiumSimulator|iPhoneSimulator.Build.0 = Debug|Any CPU
		{8226E868-EC68-429F-8293-33C1569E68D1}.ReleaseLiteSimulator|iPhoneSimulator.ActiveCfg = Release|Any CPU
		{8226E868-EC68-429F-8293-33C1569E68D1}.ReleaseLiteSimulator|iPhoneSimulator.Build.0 = Release|Any CPU
		{8226E868-EC68-429F-8293-33C1569E68D1}.ReleasePremiumSimulator|Any CPU.ActiveCfg = Release|Any CPU
		{8226E868-EC68-429F-8293-33C1569E68D1}.ReleasePremiumSimulator|Any CPU.Build.0 = Release|Any CPU
		{649B2834-BBE9-4B71-AA24-3F416B9A034E}.Ad-Hoc|iPhone.ActiveCfg = Debug|Any CPU
		{649B2834-BBE9-4B71-AA24-3F416B9A034E}.Ad-Hoc|iPhone.Build.0 = Debug|Any CPU
		{649B2834-BBE9-4B71-AA24-3F416B9A034E}.AppStore|iPhone.ActiveCfg = Debug|Any CPU
		{649B2834-BBE9-4B71-AA24-3F416B9A034E}.AppStore|iPhone.Build.0 = Debug|Any CPU
		{649B2834-BBE9-4B71-AA24-3F416B9A034E}.DebugLite|Any CPU.ActiveCfg = Debug|Any CPU
		{649B2834-BBE9-4B71-AA24-3F416B9A034E}.DebugLite|Any CPU.Build.0 = Debug|Any CPU
		{649B2834-BBE9-4B71-AA24-3F416B9A034E}.ReleaseLite|Any CPU.ActiveCfg = Release|Any CPU
		{649B2834-BBE9-4B71-AA24-3F416B9A034E}.ReleaseLite|Any CPU.Build.0 = Release|Any CPU
		{649B2834-BBE9-4B71-AA24-3F416B9A034E}.ReleasePremium|Any CPU.ActiveCfg = Release|Any CPU
		{649B2834-BBE9-4B71-AA24-3F416B9A034E}.ReleasePremium|Any CPU.Build.0 = Release|Any CPU
		{649B2834-BBE9-4B71-AA24-3F416B9A034E}.DebugPremium|Any CPU.ActiveCfg = Debug|Any CPU
		{649B2834-BBE9-4B71-AA24-3F416B9A034E}.DebugPremium|Any CPU.Build.0 = Debug|Any CPU
		{649B2834-BBE9-4B71-AA24-3F416B9A034E}.Store|Any CPU.ActiveCfg = Release|Any CPU
		{649B2834-BBE9-4B71-AA24-3F416B9A034E}.Store|Any CPU.Build.0 = Release|Any CPU
		{649B2834-BBE9-4B71-AA24-3F416B9A034E}.DebugLiteSimulator|iPhoneSimulator.ActiveCfg = Debug|Any CPU
		{649B2834-BBE9-4B71-AA24-3F416B9A034E}.DebugLiteSimulator|iPhoneSimulator.Build.0 = Debug|Any CPU
		{649B2834-BBE9-4B71-AA24-3F416B9A034E}.DebugPremiumSimulator|iPhoneSimulator.ActiveCfg = Debug|Any CPU
		{649B2834-BBE9-4B71-AA24-3F416B9A034E}.DebugPremiumSimulator|iPhoneSimulator.Build.0 = Debug|Any CPU
		{649B2834-BBE9-4B71-AA24-3F416B9A034E}.ReleaseLiteSimulator|iPhoneSimulator.ActiveCfg = Release|Any CPU
		{649B2834-BBE9-4B71-AA24-3F416B9A034E}.ReleaseLiteSimulator|iPhoneSimulator.Build.0 = Release|Any CPU
		{649B2834-BBE9-4B71-AA24-3F416B9A034E}.ReleasePremiumSimulator|Any CPU.ActiveCfg = Release|Any CPU
		{649B2834-BBE9-4B71-AA24-3F416B9A034E}.ReleasePremiumSimulator|Any CPU.Build.0 = Release|Any CPU
		{40F7150C-911F-4AD7-BB9E-6DAF4B8B70C1}.Ad-Hoc|iPhone.ActiveCfg = Debug|Any CPU
		{40F7150C-911F-4AD7-BB9E-6DAF4B8B70C1}.Ad-Hoc|iPhone.Build.0 = Debug|Any CPU
		{40F7150C-911F-4AD7-BB9E-6DAF4B8B70C1}.AppStore|iPhone.ActiveCfg = Debug|Any CPU
		{40F7150C-911F-4AD7-BB9E-6DAF4B8B70C1}.AppStore|iPhone.Build.0 = Debug|Any CPU
		{40F7150C-911F-4AD7-BB9E-6DAF4B8B70C1}.DebugLite|Any CPU.ActiveCfg = DebugLite|Any CPU
		{40F7150C-911F-4AD7-BB9E-6DAF4B8B70C1}.DebugLite|Any CPU.Build.0 = DebugLite|Any CPU
		{40F7150C-911F-4AD7-BB9E-6DAF4B8B70C1}.ReleaseLite|Any CPU.ActiveCfg = ReleaseLite|Any CPU
		{40F7150C-911F-4AD7-BB9E-6DAF4B8B70C1}.ReleaseLite|Any CPU.Build.0 = ReleaseLite|Any CPU
		{40F7150C-911F-4AD7-BB9E-6DAF4B8B70C1}.ReleasePremium|Any CPU.ActiveCfg = ReleasePremium|Any CPU
		{40F7150C-911F-4AD7-BB9E-6DAF4B8B70C1}.ReleasePremium|Any CPU.Build.0 = ReleasePremium|Any CPU
		{40F7150C-911F-4AD7-BB9E-6DAF4B8B70C1}.DebugPremium|Any CPU.ActiveCfg = DebugPremium|Any CPU
		{40F7150C-911F-4AD7-BB9E-6DAF4B8B70C1}.DebugPremium|Any CPU.Build.0 = DebugPremium|Any CPU
		{40F7150C-911F-4AD7-BB9E-6DAF4B8B70C1}.Store|Any CPU.ActiveCfg = Store|Any CPU
		{40F7150C-911F-4AD7-BB9E-6DAF4B8B70C1}.Store|Any CPU.Build.0 = Store|Any CPU
		{40F7150C-911F-4AD7-BB9E-6DAF4B8B70C1}.DebugLiteSimulator|iPhoneSimulator.ActiveCfg = DebugLite|Any CPU
		{40F7150C-911F-4AD7-BB9E-6DAF4B8B70C1}.DebugLiteSimulator|iPhoneSimulator.Build.0 = DebugLite|Any CPU
		{40F7150C-911F-4AD7-BB9E-6DAF4B8B70C1}.DebugPremiumSimulator|iPhoneSimulator.ActiveCfg = DebugPremium|Any CPU
		{40F7150C-911F-4AD7-BB9E-6DAF4B8B70C1}.DebugPremiumSimulator|iPhoneSimulator.Build.0 = DebugPremium|Any CPU
		{40F7150C-911F-4AD7-BB9E-6DAF4B8B70C1}.ReleaseLiteSimulator|iPhoneSimulator.ActiveCfg = ReleaseLite|Any CPU
		{40F7150C-911F-4AD7-BB9E-6DAF4B8B70C1}.ReleaseLiteSimulator|iPhoneSimulator.Build.0 = ReleaseLite|Any CPU
		{40F7150C-911F-4AD7-BB9E-6DAF4B8B70C1}.ReleasePremiumSimulator|Any CPU.ActiveCfg = ReleasePremium|Any CPU
		{40F7150C-911F-4AD7-BB9E-6DAF4B8B70C1}.ReleasePremiumSimulator|Any CPU.Build.0 = ReleasePremium|Any CPU
		{C15009EA-B815-485E-88A0-FDB49F1842B4}.Ad-Hoc|iPhone.ActiveCfg = Release|Any CPU
		{C15009EA-B815-485E-88A0-FDB49F1842B4}.Ad-Hoc|iPhone.Build.0 = Release|Any CPU
		{C15009EA-B815-485E-88A0-FDB49F1842B4}.AppStore|iPhone.ActiveCfg = Release|Any CPU
		{C15009EA-B815-485E-88A0-FDB49F1842B4}.AppStore|iPhone.Build.0 = Release|Any CPU
		{C15009EA-B815-485E-88A0-FDB49F1842B4}.DebugLite|Any CPU.ActiveCfg = Debug|Any CPU
		{C15009EA-B815-485E-88A0-FDB49F1842B4}.DebugLite|Any CPU.Build.0 = Debug|Any CPU
		{C15009EA-B815-485E-88A0-FDB49F1842B4}.ReleaseLite|Any CPU.ActiveCfg = Release|Any CPU
		{C15009EA-B815-485E-88A0-FDB49F1842B4}.ReleaseLite|Any CPU.Build.0 = Release|Any CPU
		{C15009EA-B815-485E-88A0-FDB49F1842B4}.ReleasePremium|Any CPU.ActiveCfg = Release|Any CPU
		{C15009EA-B815-485E-88A0-FDB49F1842B4}.ReleasePremium|Any CPU.Build.0 = Release|Any CPU
		{C15009EA-B815-485E-88A0-FDB49F1842B4}.DebugPremium|Any CPU.ActiveCfg = Debug|Any CPU
		{C15009EA-B815-485E-88A0-FDB49F1842B4}.DebugPremium|Any CPU.Build.0 = Debug|Any CPU
		{C15009EA-B815-485E-88A0-FDB49F1842B4}.Store|Any CPU.ActiveCfg = Release|Any CPU
		{C15009EA-B815-485E-88A0-FDB49F1842B4}.Store|Any CPU.Build.0 = Release|Any CPU
		{C15009EA-B815-485E-88A0-FDB49F1842B4}.DebugLiteSimulator|iPhoneSimulator.ActiveCfg = Debug|Any CPU
		{C15009EA-B815-485E-88A0-FDB49F1842B4}.DebugLiteSimulator|iPhoneSimulator.Build.0 = Debug|Any CPU
		{C15009EA-B815-485E-88A0-FDB49F1842B4}.DebugPremiumSimulator|iPhoneSimulator.ActiveCfg = Debug|Any CPU
		{C15009EA-B815-485E-88A0-FDB49F1842B4}.DebugPremiumSimulator|iPhoneSimulator.Build.0 = Debug|Any CPU
		{C15009EA-B815-485E-88A0-FDB49F1842B4}.ReleaseLiteSimulator|iPhoneSimulator.ActiveCfg = Release|Any CPU
		{C15009EA-B815-485E-88A0-FDB49F1842B4}.ReleaseLiteSimulator|iPhoneSimulator.Build.0 = Release|Any CPU
		{C15009EA-B815-485E-88A0-FDB49F1842B4}.ReleasePremiumSimulator|Any CPU.ActiveCfg = Release|Any CPU
		{C15009EA-B815-485E-88A0-FDB49F1842B4}.ReleasePremiumSimulator|Any CPU.Build.0 = Release|Any CPU
		{44108E72-059A-495B-8306-18E1799257F0}.Ad-Hoc|iPhone.ActiveCfg = Release|Any CPU
		{44108E72-059A-495B-8306-18E1799257F0}.Ad-Hoc|iPhone.Build.0 = Release|Any CPU
		{44108E72-059A-495B-8306-18E1799257F0}.AppStore|iPhone.ActiveCfg = Release|Any CPU
		{44108E72-059A-495B-8306-18E1799257F0}.AppStore|iPhone.Build.0 = Release|Any CPU
		{44108E72-059A-495B-8306-18E1799257F0}.DebugLite|Any CPU.ActiveCfg = Debug|Any CPU
		{44108E72-059A-495B-8306-18E1799257F0}.ReleaseLite|Any CPU.ActiveCfg = Release|Any CPU
		{44108E72-059A-495B-8306-18E1799257F0}.ReleasePremium|Any CPU.ActiveCfg = Release|Any CPU
		{44108E72-059A-495B-8306-18E1799257F0}.DebugPremium|Any CPU.ActiveCfg = Debug|Any CPU
		{44108E72-059A-495B-8306-18E1799257F0}.Store|Any CPU.ActiveCfg = Release|Any CPU
		{44108E72-059A-495B-8306-18E1799257F0}.DebugLiteSimulator|iPhoneSimulator.ActiveCfg = Debug|Any CPU
		{44108E72-059A-495B-8306-18E1799257F0}.DebugPremiumSimulator|iPhoneSimulator.ActiveCfg = Debug|Any CPU
		{44108E72-059A-495B-8306-18E1799257F0}.ReleaseLiteSimulator|iPhoneSimulator.ActiveCfg = Release|Any CPU
		{44108E72-059A-495B-8306-18E1799257F0}.ReleasePremiumSimulator|Any CPU.ActiveCfg = Release|Any CPU
		{579729A5-F297-4C8E-9F95-9D48F62B8F90}.Ad-Hoc|iPhone.ActiveCfg = Debug|Any CPU
		{579729A5-F297-4C8E-9F95-9D48F62B8F90}.Ad-Hoc|iPhone.Build.0 = Debug|Any CPU
		{579729A5-F297-4C8E-9F95-9D48F62B8F90}.AppStore|iPhone.ActiveCfg = Debug|Any CPU
		{579729A5-F297-4C8E-9F95-9D48F62B8F90}.AppStore|iPhone.Build.0 = Debug|Any CPU
		{579729A5-F297-4C8E-9F95-9D48F62B8F90}.BuildIOS|Any CPU.ActiveCfg = Release|Any CPU
		{579729A5-F297-4C8E-9F95-9D48F62B8F90}.BuildIOS|Any CPU.Build.0 = Release|Any CPU
		{579729A5-F297-4C8E-9F95-9D48F62B8F90}.DebugLite|Any CPU.ActiveCfg = Debug|Any CPU
		{579729A5-F297-4C8E-9F95-9D48F62B8F90}.ReleaseLite|Any CPU.ActiveCfg = Release|Any CPU
		{579729A5-F297-4C8E-9F95-9D48F62B8F90}.ReleasePremium|Any CPU.ActiveCfg = Release|Any CPU
		{579729A5-F297-4C8E-9F95-9D48F62B8F90}.DebugPremium|Any CPU.ActiveCfg = Debug|Any CPU
		{579729A5-F297-4C8E-9F95-9D48F62B8F90}.Store|Any CPU.ActiveCfg = Release|Any CPU
		{579729A5-F297-4C8E-9F95-9D48F62B8F90}.DebugLiteSimulator|iPhoneSimulator.ActiveCfg = Debug|Any CPU
		{579729A5-F297-4C8E-9F95-9D48F62B8F90}.DebugPremiumSimulator|iPhoneSimulator.ActiveCfg = Debug|Any CPU
		{579729A5-F297-4C8E-9F95-9D48F62B8F90}.ReleaseLiteSimulator|iPhoneSimulator.ActiveCfg = Release|Any CPU
		{579729A5-F297-4C8E-9F95-9D48F62B8F90}.ReleasePremiumSimulator|Any CPU.ActiveCfg = Release|Any CPU
		{CF132663-0895-4522-9457-ED006BE32E86}.Ad-Hoc|iPhone.ActiveCfg = Debug|Any CPU
		{CF132663-0895-4522-9457-ED006BE32E86}.Ad-Hoc|iPhone.Build.0 = Debug|Any CPU
		{CF132663-0895-4522-9457-ED006BE32E86}.AppStore|iPhone.ActiveCfg = Debug|Any CPU
		{CF132663-0895-4522-9457-ED006BE32E86}.AppStore|iPhone.Build.0 = Debug|Any CPU
		{CF132663-0895-4522-9457-ED006BE32E86}.BuildIOS|Any CPU.ActiveCfg = Release|Any CPU
		{CF132663-0895-4522-9457-ED006BE32E86}.BuildIOS|Any CPU.Build.0 = Release|Any CPU
		{CF132663-0895-4522-9457-ED006BE32E86}.DebugLite|Any CPU.ActiveCfg = Debug|Any CPU
		{CF132663-0895-4522-9457-ED006BE32E86}.ReleaseLite|Any CPU.ActiveCfg = Release|Any CPU
		{CF132663-0895-4522-9457-ED006BE32E86}.ReleasePremium|Any CPU.ActiveCfg = Release|Any CPU
		{CF132663-0895-4522-9457-ED006BE32E86}.DebugPremium|Any CPU.ActiveCfg = Debug|Any CPU
		{CF132663-0895-4522-9457-ED006BE32E86}.Store|Any CPU.ActiveCfg = Release|Any CPU
		{CF132663-0895-4522-9457-ED006BE32E86}.DebugLiteSimulator|iPhoneSimulator.ActiveCfg = Debug|Any CPU
		{CF132663-0895-4522-9457-ED006BE32E86}.DebugPremiumSimulator|iPhoneSimulator.ActiveCfg = Debug|Any CPU
		{CF132663-0895-4522-9457-ED006BE32E86}.ReleaseLiteSimulator|iPhoneSimulator.ActiveCfg = Release|Any CPU
		{CF132663-0895-4522-9457-ED006BE32E86}.ReleasePremiumSimulator|Any CPU.ActiveCfg = Release|Any CPU
		{BB8017A5-359F-45BD-AE7B-2835EF380F79}.Ad-Hoc|iPhone.ActiveCfg = Release|Any CPU
		{BB8017A5-359F-45BD-AE7B-2835EF380F79}.Ad-Hoc|iPhone.Build.0 = Release|Any CPU
		{BB8017A5-359F-45BD-AE7B-2835EF380F79}.AppStore|iPhone.ActiveCfg = Release|Any CPU
		{BB8017A5-359F-45BD-AE7B-2835EF380F79}.AppStore|iPhone.Build.0 = Release|Any CPU
		{BB8017A5-359F-45BD-AE7B-2835EF380F79}.BuildIOS|Any CPU.ActiveCfg = Release|Any CPU
		{BB8017A5-359F-45BD-AE7B-2835EF380F79}.BuildIOS|Any CPU.Build.0 = Release|Any CPU
		{BB8017A5-359F-45BD-AE7B-2835EF380F79}.DebugLite|Any CPU.ActiveCfg = Debug|Any CPU
		{BB8017A5-359F-45BD-AE7B-2835EF380F79}.DebugLite|Any CPU.Build.0 = Debug|Any CPU
		{BB8017A5-359F-45BD-AE7B-2835EF380F79}.ReleaseLite|Any CPU.ActiveCfg = Release|Any CPU
		{BB8017A5-359F-45BD-AE7B-2835EF380F79}.ReleaseLite|Any CPU.Build.0 = Release|Any CPU
		{BB8017A5-359F-45BD-AE7B-2835EF380F79}.ReleasePremium|Any CPU.ActiveCfg = Release|Any CPU
		{BB8017A5-359F-45BD-AE7B-2835EF380F79}.ReleasePremium|Any CPU.Build.0 = Release|Any CPU
		{BB8017A5-359F-45BD-AE7B-2835EF380F79}.DebugPremium|Any CPU.ActiveCfg = Debug|Any CPU
		{BB8017A5-359F-45BD-AE7B-2835EF380F79}.DebugPremium|Any CPU.Build.0 = Debug|Any CPU
		{BB8017A5-359F-45BD-AE7B-2835EF380F79}.Store|Any CPU.ActiveCfg = Release|Any CPU
		{BB8017A5-359F-45BD-AE7B-2835EF380F79}.Store|Any CPU.Build.0 = Release|Any CPU
		{BB8017A5-359F-45BD-AE7B-2835EF380F79}.DebugLiteSimulator|iPhoneSimulator.ActiveCfg = Debug|Any CPU
		{BB8017A5-359F-45BD-AE7B-2835EF380F79}.DebugLiteSimulator|iPhoneSimulator.Build.0 = Debug|Any CPU
		{BB8017A5-359F-45BD-AE7B-2835EF380F79}.DebugPremiumSimulator|iPhoneSimulator.ActiveCfg = Debug|Any CPU
		{BB8017A5-359F-45BD-AE7B-2835EF380F79}.DebugPremiumSimulator|iPhoneSimulator.Build.0 = Debug|Any CPU
		{BB8017A5-359F-45BD-AE7B-2835EF380F79}.ReleaseLiteSimulator|iPhoneSimulator.ActiveCfg = Release|Any CPU
		{BB8017A5-359F-45BD-AE7B-2835EF380F79}.ReleaseLiteSimulator|iPhoneSimulator.Build.0 = Release|Any CPU
		{BB8017A5-359F-45BD-AE7B-2835EF380F79}.ReleasePremiumSimulator|Any CPU.ActiveCfg = Release|Any CPU
		{BB8017A5-359F-45BD-AE7B-2835EF380F79}.ReleasePremiumSimulator|Any CPU.Build.0 = Release|Any CPU
		{1969373C-F57E-4E35-B1FE-32CA3B164EEE}.Debug|iPhoneSimulator.ActiveCfg = Debug|Any CPU
		{1969373C-F57E-4E35-B1FE-32CA3B164EEE}.Debug|iPhoneSimulator.Build.0 = Debug|Any CPU
		{1969373C-F57E-4E35-B1FE-32CA3B164EEE}.Release|iPhone.ActiveCfg = Release|Any CPU
		{1969373C-F57E-4E35-B1FE-32CA3B164EEE}.Release|iPhone.Build.0 = Release|Any CPU
		{1969373C-F57E-4E35-B1FE-32CA3B164EEE}.Release|iPhoneSimulator.ActiveCfg = Release|Any CPU
		{1969373C-F57E-4E35-B1FE-32CA3B164EEE}.Release|iPhoneSimulator.Build.0 = Release|Any CPU
		{1969373C-F57E-4E35-B1FE-32CA3B164EEE}.Debug|iPhone.ActiveCfg = Debug|Any CPU
		{1969373C-F57E-4E35-B1FE-32CA3B164EEE}.Debug|iPhone.Build.0 = Debug|Any CPU
		{1969373C-F57E-4E35-B1FE-32CA3B164EEE}.Ad-Hoc|iPhone.ActiveCfg = Release|Any CPU
		{1969373C-F57E-4E35-B1FE-32CA3B164EEE}.Ad-Hoc|iPhone.Build.0 = Release|Any CPU
		{1969373C-F57E-4E35-B1FE-32CA3B164EEE}.AppStore|iPhone.ActiveCfg = Release|Any CPU
		{1969373C-F57E-4E35-B1FE-32CA3B164EEE}.AppStore|iPhone.Build.0 = Release|Any CPU
		{1969373C-F57E-4E35-B1FE-32CA3B164EEE}.BuildIOS|Any CPU.ActiveCfg = Release|Any CPU
		{1969373C-F57E-4E35-B1FE-32CA3B164EEE}.BuildIOS|Any CPU.Build.0 = Release|Any CPU
		{1969373C-F57E-4E35-B1FE-32CA3B164EEE}.ReleaseLite|Any CPU.ActiveCfg = Release|Any CPU
		{1969373C-F57E-4E35-B1FE-32CA3B164EEE}.ReleaseLite|Any CPU.Build.0 = Release|Any CPU
		{1969373C-F57E-4E35-B1FE-32CA3B164EEE}.ReleasePremium|Any CPU.ActiveCfg = Release|Any CPU
		{1969373C-F57E-4E35-B1FE-32CA3B164EEE}.ReleasePremium|Any CPU.Build.0 = Release|Any CPU
		{1969373C-F57E-4E35-B1FE-32CA3B164EEE}.DebugLite|Any CPU.ActiveCfg = Debug|Any CPU
		{1969373C-F57E-4E35-B1FE-32CA3B164EEE}.DebugLite|Any CPU.Build.0 = Debug|Any CPU
		{1969373C-F57E-4E35-B1FE-32CA3B164EEE}.DebugPremium|Any CPU.ActiveCfg = Debug|Any CPU
		{1969373C-F57E-4E35-B1FE-32CA3B164EEE}.DebugPremium|Any CPU.Build.0 = Debug|Any CPU
		{991B058C-BEEC-4A63-B63D-B861B3AE5868}.Debug|iPhoneSimulator.ActiveCfg = Debug|Any CPU
		{991B058C-BEEC-4A63-B63D-B861B3AE5868}.Debug|iPhoneSimulator.Build.0 = Debug|Any CPU
		{991B058C-BEEC-4A63-B63D-B861B3AE5868}.Release|iPhone.ActiveCfg = Release|Any CPU
		{991B058C-BEEC-4A63-B63D-B861B3AE5868}.Release|iPhone.Build.0 = Release|Any CPU
		{991B058C-BEEC-4A63-B63D-B861B3AE5868}.Release|iPhoneSimulator.ActiveCfg = Release|Any CPU
		{991B058C-BEEC-4A63-B63D-B861B3AE5868}.Release|iPhoneSimulator.Build.0 = Release|Any CPU
		{991B058C-BEEC-4A63-B63D-B861B3AE5868}.Debug|iPhone.ActiveCfg = Debug|Any CPU
		{991B058C-BEEC-4A63-B63D-B861B3AE5868}.Debug|iPhone.Build.0 = Debug|Any CPU
		{991B058C-BEEC-4A63-B63D-B861B3AE5868}.Ad-Hoc|iPhone.ActiveCfg = Release|Any CPU
		{991B058C-BEEC-4A63-B63D-B861B3AE5868}.Ad-Hoc|iPhone.Build.0 = Release|Any CPU
		{991B058C-BEEC-4A63-B63D-B861B3AE5868}.AppStore|iPhone.ActiveCfg = Release|Any CPU
		{991B058C-BEEC-4A63-B63D-B861B3AE5868}.AppStore|iPhone.Build.0 = Release|Any CPU
		{991B058C-BEEC-4A63-B63D-B861B3AE5868}.BuildIOS|Any CPU.ActiveCfg = Release|Any CPU
		{991B058C-BEEC-4A63-B63D-B861B3AE5868}.BuildIOS|Any CPU.Build.0 = Release|Any CPU
		{991B058C-BEEC-4A63-B63D-B861B3AE5868}.ReleaseLite|Any CPU.ActiveCfg = Release|Any CPU
		{991B058C-BEEC-4A63-B63D-B861B3AE5868}.ReleaseLite|Any CPU.Build.0 = Release|Any CPU
		{991B058C-BEEC-4A63-B63D-B861B3AE5868}.ReleasePremium|Any CPU.ActiveCfg = Release|Any CPU
		{991B058C-BEEC-4A63-B63D-B861B3AE5868}.ReleasePremium|Any CPU.Build.0 = Release|Any CPU
		{991B058C-BEEC-4A63-B63D-B861B3AE5868}.DebugLite|Any CPU.ActiveCfg = Debug|Any CPU
		{991B058C-BEEC-4A63-B63D-B861B3AE5868}.DebugLite|Any CPU.Build.0 = Debug|Any CPU
		{991B058C-BEEC-4A63-B63D-B861B3AE5868}.DebugPremium|Any CPU.ActiveCfg = Debug|Any CPU
		{991B058C-BEEC-4A63-B63D-B861B3AE5868}.DebugPremium|Any CPU.Build.0 = Debug|Any CPU
		{A424FFC8-DD6C-4B7F-A18F-B6AE68796BEC}.DebugLite|Any CPU.ActiveCfg = Debug|Any CPU
		{A424FFC8-DD6C-4B7F-A18F-B6AE68796BEC}.DebugLite|Any CPU.Build.0 = Debug|Any CPU
		{A424FFC8-DD6C-4B7F-A18F-B6AE68796BEC}.ReleaseLite|Any CPU.ActiveCfg = Release|Any CPU
		{A424FFC8-DD6C-4B7F-A18F-B6AE68796BEC}.ReleaseLite|Any CPU.Build.0 = Release|Any CPU
		{A424FFC8-DD6C-4B7F-A18F-B6AE68796BEC}.ReleasePremium|Any CPU.ActiveCfg = Release|Any CPU
		{A424FFC8-DD6C-4B7F-A18F-B6AE68796BEC}.ReleasePremium|Any CPU.Build.0 = Release|Any CPU
		{A424FFC8-DD6C-4B7F-A18F-B6AE68796BEC}.DebugPremium|Any CPU.ActiveCfg = Debug|Any CPU
		{A424FFC8-DD6C-4B7F-A18F-B6AE68796BEC}.DebugPremium|Any CPU.Build.0 = Debug|Any CPU
		{A424FFC8-DD6C-4B7F-A18F-B6AE68796BEC}.PremiumTests|Any CPU.ActiveCfg = Debug|Any CPU
		{A424FFC8-DD6C-4B7F-A18F-B6AE68796BEC}.PremiumTests|Any CPU.Build.0 = Debug|Any CPU
		{A424FFC8-DD6C-4B7F-A18F-B6AE68796BEC}.LiteTests|Any CPU.ActiveCfg = Debug|Any CPU
		{A424FFC8-DD6C-4B7F-A18F-B6AE68796BEC}.LiteTests|Any CPU.Build.0 = Debug|Any CPU
		{E3C72425-C8C7-49DD-9081-94FE1A1FE336}.DebugLite|Any CPU.ActiveCfg = Debug|Any CPU
		{E3C72425-C8C7-49DD-9081-94FE1A1FE336}.DebugLite|Any CPU.Build.0 = Debug|Any CPU
		{E3C72425-C8C7-49DD-9081-94FE1A1FE336}.ReleaseLite|Any CPU.ActiveCfg = Release|Any CPU
		{E3C72425-C8C7-49DD-9081-94FE1A1FE336}.ReleaseLite|Any CPU.Build.0 = Release|Any CPU
		{E3C72425-C8C7-49DD-9081-94FE1A1FE336}.ReleasePremium|Any CPU.ActiveCfg = Release|Any CPU
		{E3C72425-C8C7-49DD-9081-94FE1A1FE336}.ReleasePremium|Any CPU.Build.0 = Release|Any CPU
		{E3C72425-C8C7-49DD-9081-94FE1A1FE336}.DebugPremium|Any CPU.ActiveCfg = Debug|Any CPU
		{E3C72425-C8C7-49DD-9081-94FE1A1FE336}.DebugPremium|Any CPU.Build.0 = Debug|Any CPU
		{E3C72425-C8C7-49DD-9081-94FE1A1FE336}.PremiumTests|Any CPU.ActiveCfg = Debug|Any CPU
		{E3C72425-C8C7-49DD-9081-94FE1A1FE336}.PremiumTests|Any CPU.Build.0 = Debug|Any CPU
		{E3C72425-C8C7-49DD-9081-94FE1A1FE336}.LiteTests|Any CPU.ActiveCfg = Debug|Any CPU
		{E3C72425-C8C7-49DD-9081-94FE1A1FE336}.LiteTests|Any CPU.Build.0 = Debug|Any CPU
		{FC6130F5-C5E5-442C-9E60-8BCCE5FE4514}.DebugLite|Any CPU.ActiveCfg = Debug|Any CPU
		{FC6130F5-C5E5-442C-9E60-8BCCE5FE4514}.DebugLite|Any CPU.Build.0 = Debug|Any CPU
		{FC6130F5-C5E5-442C-9E60-8BCCE5FE4514}.ReleaseLite|Any CPU.ActiveCfg = Release|Any CPU
		{FC6130F5-C5E5-442C-9E60-8BCCE5FE4514}.ReleaseLite|Any CPU.Build.0 = Release|Any CPU
		{FC6130F5-C5E5-442C-9E60-8BCCE5FE4514}.ReleasePremium|Any CPU.ActiveCfg = Release|Any CPU
		{FC6130F5-C5E5-442C-9E60-8BCCE5FE4514}.ReleasePremium|Any CPU.Build.0 = Release|Any CPU
		{FC6130F5-C5E5-442C-9E60-8BCCE5FE4514}.DebugPremium|Any CPU.ActiveCfg = Debug|Any CPU
		{FC6130F5-C5E5-442C-9E60-8BCCE5FE4514}.DebugPremium|Any CPU.Build.0 = Debug|Any CPU
		{FC6130F5-C5E5-442C-9E60-8BCCE5FE4514}.Store|Any CPU.ActiveCfg = Release|Any CPU
		{FC6130F5-C5E5-442C-9E60-8BCCE5FE4514}.Store|Any CPU.Build.0 = Release|Any CPU
		{FC6130F5-C5E5-442C-9E60-8BCCE5FE4514}.DebugLiteSimulator|iPhoneSimulator.ActiveCfg = Debug|Any CPU
		{FC6130F5-C5E5-442C-9E60-8BCCE5FE4514}.DebugLiteSimulator|iPhoneSimulator.Build.0 = Debug|Any CPU
		{FC6130F5-C5E5-442C-9E60-8BCCE5FE4514}.DebugPremiumSimulator|iPhoneSimulator.ActiveCfg = Debug|Any CPU
		{FC6130F5-C5E5-442C-9E60-8BCCE5FE4514}.DebugPremiumSimulator|iPhoneSimulator.Build.0 = Debug|Any CPU
		{FC6130F5-C5E5-442C-9E60-8BCCE5FE4514}.ReleaseLiteSimulator|iPhoneSimulator.ActiveCfg = Release|Any CPU
		{FC6130F5-C5E5-442C-9E60-8BCCE5FE4514}.ReleaseLiteSimulator|iPhoneSimulator.Build.0 = Release|Any CPU
		{FC6130F5-C5E5-442C-9E60-8BCCE5FE4514}.ReleasePremiumSimulator|Any CPU.ActiveCfg = Release|Any CPU
		{FC6130F5-C5E5-442C-9E60-8BCCE5FE4514}.ReleasePremiumSimulator|Any CPU.Build.0 = Release|Any CPU
		{A969A2E1-66A2-4DBE-9914-A96D4333411D}.Ad-Hoc|iPhone.ActiveCfg = Debug|Any CPU
		{A969A2E1-66A2-4DBE-9914-A96D4333411D}.Ad-Hoc|iPhone.Build.0 = Debug|Any CPU
		{A969A2E1-66A2-4DBE-9914-A96D4333411D}.AppStore|iPhone.ActiveCfg = Debug|Any CPU
		{A969A2E1-66A2-4DBE-9914-A96D4333411D}.AppStore|iPhone.Build.0 = Debug|Any CPU
		{A969A2E1-66A2-4DBE-9914-A96D4333411D}.ReleaseLite|Any CPU.ActiveCfg = ReleaseLite|Any CPU
		{A969A2E1-66A2-4DBE-9914-A96D4333411D}.ReleaseLite|Any CPU.Build.0 = ReleaseLite|Any CPU
		{A969A2E1-66A2-4DBE-9914-A96D4333411D}.ReleasePremium|Any CPU.ActiveCfg = ReleasePremium|Any CPU
		{A969A2E1-66A2-4DBE-9914-A96D4333411D}.ReleasePremium|Any CPU.Build.0 = ReleasePremium|Any CPU
		{A969A2E1-66A2-4DBE-9914-A96D4333411D}.DebugLite|Any CPU.ActiveCfg = DebugLite|Any CPU
		{A969A2E1-66A2-4DBE-9914-A96D4333411D}.DebugLite|Any CPU.Build.0 = DebugLite|Any CPU
		{A969A2E1-66A2-4DBE-9914-A96D4333411D}.DebugPremium|Any CPU.ActiveCfg = DebugPremium|Any CPU
		{A969A2E1-66A2-4DBE-9914-A96D4333411D}.DebugPremium|Any CPU.Build.0 = DebugPremium|Any CPU
		{A969A2E1-66A2-4DBE-9914-A96D4333411D}.Store|Any CPU.ActiveCfg = ReleaseLite|Any CPU
		{A969A2E1-66A2-4DBE-9914-A96D4333411D}.Store|Any CPU.Build.0 = ReleaseLite|Any CPU
		{A969A2E1-66A2-4DBE-9914-A96D4333411D}.DebugLiteSimulator|iPhoneSimulator.ActiveCfg = DebugLite|Any CPU
		{A969A2E1-66A2-4DBE-9914-A96D4333411D}.DebugLiteSimulator|iPhoneSimulator.Build.0 = DebugLite|Any CPU
		{A969A2E1-66A2-4DBE-9914-A96D4333411D}.DebugPremiumSimulator|iPhoneSimulator.ActiveCfg = DebugPremium|Any CPU
		{A969A2E1-66A2-4DBE-9914-A96D4333411D}.DebugPremiumSimulator|iPhoneSimulator.Build.0 = DebugPremium|Any CPU
		{A969A2E1-66A2-4DBE-9914-A96D4333411D}.ReleaseLiteSimulator|iPhoneSimulator.ActiveCfg = ReleaseLite|Any CPU
		{A969A2E1-66A2-4DBE-9914-A96D4333411D}.ReleaseLiteSimulator|iPhoneSimulator.Build.0 = ReleaseLite|Any CPU
		{A969A2E1-66A2-4DBE-9914-A96D4333411D}.ReleasePremiumSimulator|Any CPU.ActiveCfg = ReleasePremium|Any CPU
		{A969A2E1-66A2-4DBE-9914-A96D4333411D}.ReleasePremiumSimulator|Any CPU.Build.0 = ReleasePremium|Any CPU
		{9BB625D1-1392-445A-88AA-1749DCD79A2D}.Store|Any CPU.ActiveCfg = Store|iPhone
		{9BB625D1-1392-445A-88AA-1749DCD79A2D}.Store|Any CPU.Build.0 = Store|iPhone
		{9BB625D1-1392-445A-88AA-1749DCD79A2D}.ReleasePremium|Any CPU.ActiveCfg = ReleasePremium|iPhone
		{9BB625D1-1392-445A-88AA-1749DCD79A2D}.ReleasePremium|Any CPU.Build.0 = ReleasePremium|iPhone
		{9BB625D1-1392-445A-88AA-1749DCD79A2D}.DebugLite|Any CPU.ActiveCfg = DebugLite|iPhone
		{9BB625D1-1392-445A-88AA-1749DCD79A2D}.DebugLite|Any CPU.Build.0 = DebugLite|iPhone
		{9BB625D1-1392-445A-88AA-1749DCD79A2D}.ReleaseLite|Any CPU.ActiveCfg = ReleaseLite|iPhone
		{9BB625D1-1392-445A-88AA-1749DCD79A2D}.ReleaseLite|Any CPU.Build.0 = ReleaseLite|iPhone
		{9BB625D1-1392-445A-88AA-1749DCD79A2D}.DebugPremium|Any CPU.ActiveCfg = DebugPremium|iPhone
		{9BB625D1-1392-445A-88AA-1749DCD79A2D}.DebugPremium|Any CPU.Build.0 = DebugPremium|iPhone
		{9BB625D1-1392-445A-88AA-1749DCD79A2D}.DebugLiteSimulator|iPhoneSimulator.ActiveCfg = DebugLite|iPhoneSimulator
		{9BB625D1-1392-445A-88AA-1749DCD79A2D}.DebugLiteSimulator|iPhoneSimulator.Build.0 = DebugLite|iPhoneSimulator
		{9BB625D1-1392-445A-88AA-1749DCD79A2D}.DebugPremiumSimulator|iPhoneSimulator.ActiveCfg = DebugPremium|iPhoneSimulator
		{9BB625D1-1392-445A-88AA-1749DCD79A2D}.DebugPremiumSimulator|iPhoneSimulator.Build.0 = DebugPremium|iPhoneSimulator
		{9BB625D1-1392-445A-88AA-1749DCD79A2D}.ReleaseLiteSimulator|iPhoneSimulator.ActiveCfg = ReleaseLite|iPhoneSimulator
		{9BB625D1-1392-445A-88AA-1749DCD79A2D}.ReleaseLiteSimulator|iPhoneSimulator.Build.0 = ReleaseLite|iPhoneSimulator
		{9BB625D1-1392-445A-88AA-1749DCD79A2D}.ReleasePremiumSimulator|Any CPU.ActiveCfg = ReleasePremium|iPhoneSimulator
		{9BB625D1-1392-445A-88AA-1749DCD79A2D}.ReleasePremiumSimulator|Any CPU.Build.0 = ReleasePremium|iPhoneSimulator
		{AC2B7579-5D07-4FF3-9EE9-3792EC6FA2A7}.DebugLite|Any CPU.ActiveCfg = Debug|Any CPU
		{AC2B7579-5D07-4FF3-9EE9-3792EC6FA2A7}.DebugPremium|Any CPU.ActiveCfg = Debug|Any CPU
		{AC2B7579-5D07-4FF3-9EE9-3792EC6FA2A7}.DebugPremium|Any CPU.Build.0 = Debug|Any CPU
		{AC2B7579-5D07-4FF3-9EE9-3792EC6FA2A7}.Store|Any CPU.ActiveCfg = Debug|Any CPU
		{AC2B7579-5D07-4FF3-9EE9-3792EC6FA2A7}.DebugLite|Any CPU.Build.0 = Debug|Any CPU
		{AC2B7579-5D07-4FF3-9EE9-3792EC6FA2A7}.DebugLiteSimulator|iPhoneSimulator.ActiveCfg = Debug|Any CPU
		{AC2B7579-5D07-4FF3-9EE9-3792EC6FA2A7}.DebugPremiumSimulator|iPhoneSimulator.ActiveCfg = Debug|Any CPU
		{AC2B7579-5D07-4FF3-9EE9-3792EC6FA2A7}.ReleaseLiteSimulator|iPhoneSimulator.ActiveCfg = Release|Any CPU
		{AC2B7579-5D07-4FF3-9EE9-3792EC6FA2A7}.ReleasePremiumSimulator|Any CPU.ActiveCfg = Release|Any CPU
		{C754DCA6-767E-439A-BFF4-545E89C2A4C9}.Debug|iPhoneSimulator.ActiveCfg = Debug|Any CPU
		{C754DCA6-767E-439A-BFF4-545E89C2A4C9}.Debug|iPhoneSimulator.Build.0 = Debug|Any CPU
		{C754DCA6-767E-439A-BFF4-545E89C2A4C9}.Release|iPhone.ActiveCfg = Release|Any CPU
		{C754DCA6-767E-439A-BFF4-545E89C2A4C9}.Release|iPhone.Build.0 = Release|Any CPU
		{C754DCA6-767E-439A-BFF4-545E89C2A4C9}.Release|iPhoneSimulator.ActiveCfg = Release|Any CPU
		{C754DCA6-767E-439A-BFF4-545E89C2A4C9}.Release|iPhoneSimulator.Build.0 = Release|Any CPU
		{C754DCA6-767E-439A-BFF4-545E89C2A4C9}.Debug|iPhone.ActiveCfg = Debug|Any CPU
		{C754DCA6-767E-439A-BFF4-545E89C2A4C9}.Debug|iPhone.Build.0 = Debug|Any CPU
		{C754DCA6-767E-439A-BFF4-545E89C2A4C9}.Ad-Hoc|iPhone.ActiveCfg = Release|Any CPU
		{C754DCA6-767E-439A-BFF4-545E89C2A4C9}.Ad-Hoc|iPhone.Build.0 = Release|Any CPU
		{C754DCA6-767E-439A-BFF4-545E89C2A4C9}.AppStore|iPhone.ActiveCfg = Release|Any CPU
		{C754DCA6-767E-439A-BFF4-545E89C2A4C9}.AppStore|iPhone.Build.0 = Release|Any CPU
		{C754DCA6-767E-439A-BFF4-545E89C2A4C9}.BuildIOS|Any CPU.ActiveCfg = Release|Any CPU
		{C754DCA6-767E-439A-BFF4-545E89C2A4C9}.BuildIOS|Any CPU.Build.0 = Release|Any CPU
		{C754DCA6-767E-439A-BFF4-545E89C2A4C9}.ReleaseLite|Any CPU.ActiveCfg = Release|Any CPU
		{C754DCA6-767E-439A-BFF4-545E89C2A4C9}.ReleaseLite|Any CPU.Build.0 = Release|Any CPU
		{C754DCA6-767E-439A-BFF4-545E89C2A4C9}.ReleasePremium|Any CPU.ActiveCfg = Release|Any CPU
		{C754DCA6-767E-439A-BFF4-545E89C2A4C9}.ReleasePremium|Any CPU.Build.0 = Release|Any CPU
		{C754DCA6-767E-439A-BFF4-545E89C2A4C9}.DebugLite|Any CPU.ActiveCfg = Debug|Any CPU
		{C754DCA6-767E-439A-BFF4-545E89C2A4C9}.DebugLite|Any CPU.Build.0 = Debug|Any CPU
		{C754DCA6-767E-439A-BFF4-545E89C2A4C9}.DebugPremium|Any CPU.ActiveCfg = Debug|Any CPU
		{C754DCA6-767E-439A-BFF4-545E89C2A4C9}.DebugPremium|Any CPU.Build.0 = Debug|Any CPU
		{C754DCA6-767E-439A-BFF4-545E89C2A4C9}.PremiumTests|Any CPU.ActiveCfg = Debug|Any CPU
		{C754DCA6-767E-439A-BFF4-545E89C2A4C9}.PremiumTests|Any CPU.Build.0 = Debug|Any CPU
		{C754DCA6-767E-439A-BFF4-545E89C2A4C9}.LiteTests|Any CPU.ActiveCfg = Debug|Any CPU
		{C754DCA6-767E-439A-BFF4-545E89C2A4C9}.LiteTests|Any CPU.Build.0 = Debug|Any CPU
		{FD7E8005-9A9D-4217-83CC-425837FC7B47}.Debug|iPhoneSimulator.ActiveCfg = Debug|Any CPU
		{FD7E8005-9A9D-4217-83CC-425837FC7B47}.Debug|iPhoneSimulator.Build.0 = Debug|Any CPU
		{FD7E8005-9A9D-4217-83CC-425837FC7B47}.Release|iPhone.ActiveCfg = Release|Any CPU
		{FD7E8005-9A9D-4217-83CC-425837FC7B47}.Release|iPhone.Build.0 = Release|Any CPU
		{FD7E8005-9A9D-4217-83CC-425837FC7B47}.Release|iPhoneSimulator.ActiveCfg = Release|Any CPU
		{FD7E8005-9A9D-4217-83CC-425837FC7B47}.Release|iPhoneSimulator.Build.0 = Release|Any CPU
		{FD7E8005-9A9D-4217-83CC-425837FC7B47}.Debug|iPhone.ActiveCfg = Debug|Any CPU
		{FD7E8005-9A9D-4217-83CC-425837FC7B47}.Debug|iPhone.Build.0 = Debug|Any CPU
		{FD7E8005-9A9D-4217-83CC-425837FC7B47}.Ad-Hoc|iPhone.ActiveCfg = Release|Any CPU
		{FD7E8005-9A9D-4217-83CC-425837FC7B47}.Ad-Hoc|iPhone.Build.0 = Release|Any CPU
		{FD7E8005-9A9D-4217-83CC-425837FC7B47}.AppStore|iPhone.ActiveCfg = Release|Any CPU
		{FD7E8005-9A9D-4217-83CC-425837FC7B47}.AppStore|iPhone.Build.0 = Release|Any CPU
		{FD7E8005-9A9D-4217-83CC-425837FC7B47}.BuildIOS|Any CPU.ActiveCfg = Release|Any CPU
		{FD7E8005-9A9D-4217-83CC-425837FC7B47}.BuildIOS|Any CPU.Build.0 = Release|Any CPU
		{FD7E8005-9A9D-4217-83CC-425837FC7B47}.ReleaseLite|Any CPU.ActiveCfg = Release|Any CPU
		{FD7E8005-9A9D-4217-83CC-425837FC7B47}.ReleaseLite|Any CPU.Build.0 = Release|Any CPU
		{FD7E8005-9A9D-4217-83CC-425837FC7B47}.ReleasePremium|Any CPU.ActiveCfg = Release|Any CPU
		{FD7E8005-9A9D-4217-83CC-425837FC7B47}.ReleasePremium|Any CPU.Build.0 = Release|Any CPU
		{FD7E8005-9A9D-4217-83CC-425837FC7B47}.DebugLite|Any CPU.ActiveCfg = Debug|Any CPU
		{FD7E8005-9A9D-4217-83CC-425837FC7B47}.DebugLite|Any CPU.Build.0 = Debug|Any CPU
		{FD7E8005-9A9D-4217-83CC-425837FC7B47}.DebugPremium|Any CPU.ActiveCfg = Debug|Any CPU
		{FD7E8005-9A9D-4217-83CC-425837FC7B47}.DebugPremium|Any CPU.Build.0 = Debug|Any CPU
		{FD7E8005-9A9D-4217-83CC-425837FC7B47}.ReleaseAppCenterPremium|Any CPU.ActiveCfg = Debug|Any CPU
		{FD7E8005-9A9D-4217-83CC-425837FC7B47}.ReleaseAppCenterPremium|Any CPU.Build.0 = Debug|Any CPU
		{FD7E8005-9A9D-4217-83CC-425837FC7B47}.PremiumTests|Any CPU.ActiveCfg = Debug|Any CPU
		{FD7E8005-9A9D-4217-83CC-425837FC7B47}.PremiumTests|Any CPU.Build.0 = Debug|Any CPU
		{FD7E8005-9A9D-4217-83CC-425837FC7B47}.LiteTests|Any CPU.ActiveCfg = Debug|Any CPU
		{FD7E8005-9A9D-4217-83CC-425837FC7B47}.LiteTests|Any CPU.Build.0 = Debug|Any CPU
		{9D159F12-1E4A-4EDD-9E10-6B02007C4AFE}.Debug|iPhoneSimulator.ActiveCfg = Debug|Any CPU
		{9D159F12-1E4A-4EDD-9E10-6B02007C4AFE}.Debug|iPhoneSimulator.Build.0 = Debug|Any CPU
		{9D159F12-1E4A-4EDD-9E10-6B02007C4AFE}.Release|iPhone.ActiveCfg = Release|Any CPU
		{9D159F12-1E4A-4EDD-9E10-6B02007C4AFE}.Release|iPhone.Build.0 = Release|Any CPU
		{9D159F12-1E4A-4EDD-9E10-6B02007C4AFE}.Release|iPhoneSimulator.ActiveCfg = Release|Any CPU
		{9D159F12-1E4A-4EDD-9E10-6B02007C4AFE}.Release|iPhoneSimulator.Build.0 = Release|Any CPU
		{9D159F12-1E4A-4EDD-9E10-6B02007C4AFE}.Debug|iPhone.ActiveCfg = Debug|Any CPU
		{9D159F12-1E4A-4EDD-9E10-6B02007C4AFE}.Debug|iPhone.Build.0 = Debug|Any CPU
		{9D159F12-1E4A-4EDD-9E10-6B02007C4AFE}.Ad-Hoc|iPhone.ActiveCfg = Debug|Any CPU
		{9D159F12-1E4A-4EDD-9E10-6B02007C4AFE}.Ad-Hoc|iPhone.Build.0 = Debug|Any CPU
		{9D159F12-1E4A-4EDD-9E10-6B02007C4AFE}.AppStore|iPhone.ActiveCfg = Debug|Any CPU
		{9D159F12-1E4A-4EDD-9E10-6B02007C4AFE}.AppStore|iPhone.Build.0 = Debug|Any CPU
		{9D159F12-1E4A-4EDD-9E10-6B02007C4AFE}.BuildIOS|Any CPU.ActiveCfg = Release|Any CPU
		{9D159F12-1E4A-4EDD-9E10-6B02007C4AFE}.BuildIOS|Any CPU.Build.0 = Release|Any CPU
		{9D159F12-1E4A-4EDD-9E10-6B02007C4AFE}.ReleaseLite|Any CPU.ActiveCfg = Release|Any CPU
		{9D159F12-1E4A-4EDD-9E10-6B02007C4AFE}.ReleaseLite|Any CPU.Build.0 = Release|Any CPU
		{9D159F12-1E4A-4EDD-9E10-6B02007C4AFE}.ReleasePremium|Any CPU.ActiveCfg = Release|Any CPU
		{9D159F12-1E4A-4EDD-9E10-6B02007C4AFE}.ReleasePremium|Any CPU.Build.0 = Release|Any CPU
		{9D159F12-1E4A-4EDD-9E10-6B02007C4AFE}.DebugLite|Any CPU.ActiveCfg = Debug|Any CPU
		{9D159F12-1E4A-4EDD-9E10-6B02007C4AFE}.DebugLite|Any CPU.Build.0 = Debug|Any CPU
		{9D159F12-1E4A-4EDD-9E10-6B02007C4AFE}.DebugPremium|Any CPU.ActiveCfg = Debug|Any CPU
		{9D159F12-1E4A-4EDD-9E10-6B02007C4AFE}.DebugPremium|Any CPU.Build.0 = Debug|Any CPU
		{9D159F12-1E4A-4EDD-9E10-6B02007C4AFE}.ReleaseAppCenterPremium|Any CPU.ActiveCfg = Debug|Any CPU
		{9D159F12-1E4A-4EDD-9E10-6B02007C4AFE}.ReleaseAppCenterPremium|Any CPU.Build.0 = Debug|Any CPU
		{9D159F12-1E4A-4EDD-9E10-6B02007C4AFE}.PremiumTests|Any CPU.ActiveCfg = Debug|Any CPU
		{9D159F12-1E4A-4EDD-9E10-6B02007C4AFE}.PremiumTests|Any CPU.Build.0 = Debug|Any CPU
		{9D159F12-1E4A-4EDD-9E10-6B02007C4AFE}.LiteTests|Any CPU.ActiveCfg = Debug|Any CPU
		{9D159F12-1E4A-4EDD-9E10-6B02007C4AFE}.LiteTests|Any CPU.Build.0 = Debug|Any CPU
		{CCB80B24-94D5-4407-B89A-3094197845E1}.DebugLite|Any CPU.ActiveCfg = Debug|Any CPU
		{CCB80B24-94D5-4407-B89A-3094197845E1}.DebugLite|Any CPU.Build.0 = Debug|Any CPU
		{CCB80B24-94D5-4407-B89A-3094197845E1}.DebugPremium|Any CPU.ActiveCfg = Debug|Any CPU
		{CCB80B24-94D5-4407-B89A-3094197845E1}.DebugPremium|Any CPU.Build.0 = Debug|Any CPU
		{CCB80B24-94D5-4407-B89A-3094197845E1}.Store|Any CPU.ActiveCfg = Debug|Any CPU
		{CCB80B24-94D5-4407-B89A-3094197845E1}.Store|Any CPU.Build.0 = Debug|Any CPU
		{CCB80B24-94D5-4407-B89A-3094197845E1}.DebugLiteSimulator|iPhoneSimulator.ActiveCfg = Debug|Any CPU
		{CCB80B24-94D5-4407-B89A-3094197845E1}.DebugPremiumSimulator|iPhoneSimulator.ActiveCfg = Debug|Any CPU
		{CCB80B24-94D5-4407-B89A-3094197845E1}.ReleaseLiteSimulator|iPhoneSimulator.ActiveCfg = Release|Any CPU
		{CCB80B24-94D5-4407-B89A-3094197845E1}.ReleasePremiumSimulator|Any CPU.ActiveCfg = Release|Any CPU
		{1F07C830-1BD9-41A1-95CE-5DE132E43E10}.DebugLite|Any CPU.ActiveCfg = Debug|Any CPU
		{1F07C830-1BD9-41A1-95CE-5DE132E43E10}.DebugLite|Any CPU.Build.0 = Debug|Any CPU
		{1F07C830-1BD9-41A1-95CE-5DE132E43E10}.DebugPremium|Any CPU.ActiveCfg = Debug|Any CPU
		{1F07C830-1BD9-41A1-95CE-5DE132E43E10}.DebugPremium|Any CPU.Build.0 = Debug|Any CPU
		{1F07C830-1BD9-41A1-95CE-5DE132E43E10}.Store|Any CPU.ActiveCfg = Debug|Any CPU
		{1F07C830-1BD9-41A1-95CE-5DE132E43E10}.Store|Any CPU.Build.0 = Debug|Any CPU
		{1F07C830-1BD9-41A1-95CE-5DE132E43E10}.DebugLiteSimulator|iPhoneSimulator.ActiveCfg = Debug|Any CPU
		{1F07C830-1BD9-41A1-95CE-5DE132E43E10}.DebugPremiumSimulator|iPhoneSimulator.ActiveCfg = Debug|Any CPU
		{1F07C830-1BD9-41A1-95CE-5DE132E43E10}.ReleaseLiteSimulator|iPhoneSimulator.ActiveCfg = Release|Any CPU
		{1F07C830-1BD9-41A1-95CE-5DE132E43E10}.ReleasePremiumSimulator|Any CPU.ActiveCfg = Release|Any CPU
		{3284B994-C1D0-4A8C-B83D-7E10DC27208C}.DebugLite|Any CPU.ActiveCfg = Debug|Any CPU
		{3284B994-C1D0-4A8C-B83D-7E10DC27208C}.DebugLite|Any CPU.Build.0 = Debug|Any CPU
		{3284B994-C1D0-4A8C-B83D-7E10DC27208C}.DebugPremium|Any CPU.ActiveCfg = Debug|Any CPU
		{3284B994-C1D0-4A8C-B83D-7E10DC27208C}.DebugPremium|Any CPU.Build.0 = Debug|Any CPU
		{3284B994-C1D0-4A8C-B83D-7E10DC27208C}.Store|Any CPU.ActiveCfg = Debug|Any CPU
		{3284B994-C1D0-4A8C-B83D-7E10DC27208C}.Store|Any CPU.Build.0 = Debug|Any CPU
		{3284B994-C1D0-4A8C-B83D-7E10DC27208C}.DebugLiteSimulator|iPhoneSimulator.ActiveCfg = Debug|Any CPU
		{3284B994-C1D0-4A8C-B83D-7E10DC27208C}.DebugPremiumSimulator|iPhoneSimulator.ActiveCfg = Debug|Any CPU
		{3284B994-C1D0-4A8C-B83D-7E10DC27208C}.ReleaseLiteSimulator|iPhoneSimulator.ActiveCfg = Release|Any CPU
		{3284B994-C1D0-4A8C-B83D-7E10DC27208C}.ReleasePremiumSimulator|Any CPU.ActiveCfg = Release|Any CPU
		{6987F0B9-B7A5-4903-B574-AD75F05EFB6D}.ReleaseLite|Any CPU.ActiveCfg = Release|Any CPU
		{6987F0B9-B7A5-4903-B574-AD75F05EFB6D}.ReleaseLite|Any CPU.Build.0 = Release|Any CPU
		{6987F0B9-B7A5-4903-B574-AD75F05EFB6D}.DebugLiteSimulator|iPhoneSimulator.ActiveCfg = Debug|Any CPU
		{6987F0B9-B7A5-4903-B574-AD75F05EFB6D}.DebugPremiumSimulator|iPhoneSimulator.ActiveCfg = Debug|Any CPU
		{6987F0B9-B7A5-4903-B574-AD75F05EFB6D}.ReleaseLiteSimulator|iPhoneSimulator.ActiveCfg = Release|Any CPU
		{6987F0B9-B7A5-4903-B574-AD75F05EFB6D}.ReleasePremiumSimulator|Any CPU.ActiveCfg = Release|Any CPU
		{02C995CF-8872-4370-8167-AFE25F68E17E}.ReleaseLite|Any CPU.ActiveCfg = Release|Any CPU
		{02C995CF-8872-4370-8167-AFE25F68E17E}.ReleaseLite|Any CPU.Build.0 = Release|Any CPU
		{02C995CF-8872-4370-8167-AFE25F68E17E}.DebugLiteSimulator|iPhoneSimulator.ActiveCfg = Debug|Any CPU
		{02C995CF-8872-4370-8167-AFE25F68E17E}.DebugPremiumSimulator|iPhoneSimulator.ActiveCfg = Debug|Any CPU
		{02C995CF-8872-4370-8167-AFE25F68E17E}.ReleaseLiteSimulator|iPhoneSimulator.ActiveCfg = Release|Any CPU
		{02C995CF-8872-4370-8167-AFE25F68E17E}.ReleasePremiumSimulator|Any CPU.ActiveCfg = Release|Any CPU
		{F507F867-7FDA-4F57-8139-DF7D5443DE0C}.Ad-Hoc|iPhone.ActiveCfg = Debug|Any CPU
		{F507F867-7FDA-4F57-8139-DF7D5443DE0C}.Ad-Hoc|iPhone.Build.0 = Debug|Any CPU
		{F507F867-7FDA-4F57-8139-DF7D5443DE0C}.AppStore|iPhone.ActiveCfg = Debug|Any CPU
		{F507F867-7FDA-4F57-8139-DF7D5443DE0C}.AppStore|iPhone.Build.0 = Debug|Any CPU
		{F507F867-7FDA-4F57-8139-DF7D5443DE0C}.ReleaseLite|Any CPU.ActiveCfg = Release|Any CPU
		{F507F867-7FDA-4F57-8139-DF7D5443DE0C}.ReleaseLite|Any CPU.Build.0 = Release|Any CPU
		{F507F867-7FDA-4F57-8139-DF7D5443DE0C}.ReleasePremium|Any CPU.ActiveCfg = Release|Any CPU
		{F507F867-7FDA-4F57-8139-DF7D5443DE0C}.ReleasePremium|Any CPU.Build.0 = Release|Any CPU
		{F507F867-7FDA-4F57-8139-DF7D5443DE0C}.DebugLite|Any CPU.ActiveCfg = Debug|Any CPU
		{F507F867-7FDA-4F57-8139-DF7D5443DE0C}.DebugLite|Any CPU.Build.0 = Debug|Any CPU
		{F507F867-7FDA-4F57-8139-DF7D5443DE0C}.DebugPremium|Any CPU.ActiveCfg = Debug|Any CPU
		{F507F867-7FDA-4F57-8139-DF7D5443DE0C}.DebugPremium|Any CPU.Build.0 = Debug|Any CPU
		{F507F867-7FDA-4F57-8139-DF7D5443DE0C}.Store|Any CPU.ActiveCfg = Release|Any CPU
		{F507F867-7FDA-4F57-8139-DF7D5443DE0C}.Store|Any CPU.Build.0 = Release|Any CPU
		{F507F867-7FDA-4F57-8139-DF7D5443DE0C}.DebugLiteSimulator|iPhoneSimulator.ActiveCfg = DebugLiteSimulator|Any CPU
		{F507F867-7FDA-4F57-8139-DF7D5443DE0C}.DebugPremiumSimulator|iPhoneSimulator.ActiveCfg = DebugPremiumSimulator|Any CPU
		{F507F867-7FDA-4F57-8139-DF7D5443DE0C}.ReleaseLiteSimulator|iPhoneSimulator.ActiveCfg = ReleaseLiteSimulator|Any CPU
		{F507F867-7FDA-4F57-8139-DF7D5443DE0C}.ReleasePremiumSimulator|Any CPU.ActiveCfg = ReleasePremiumSimulator|Any CPU
	EndGlobalSection
	GlobalSection(NestedProjects) = preSolution
		{F0F8BA3B-BC2E-4475-AD1E-0B08767E52C5} = {859AB886-3E50-454C-BCB8-9DA93F801178}
		{11D1F05C-156B-4DE2-9EB6-B0AF60C6B9F1} = {859AB886-3E50-454C-BCB8-9DA93F801178}
		{8226E868-EC68-429F-8293-33C1569E68D1} = {B6418745-95F3-4B15-96C2-DC0114A9F6D7}
		{649B2834-BBE9-4B71-AA24-3F416B9A034E} = {16396CBE-692B-4FC7-A2D2-66DCDDD7FAD5}
		{40F7150C-911F-4AD7-BB9E-6DAF4B8B70C1} = {03C26D68-5166-41EF-A53D-502F4D70F144}
		{C15009EA-B815-485E-88A0-FDB49F1842B4} = {16396CBE-692B-4FC7-A2D2-66DCDDD7FAD5}
		{44108E72-059A-495B-8306-18E1799257F0} = {31E0EB53-2365-4681-8DE9-5EB4DAD34402}
		{579729A5-F297-4C8E-9F95-9D48F62B8F90} = {31E0EB53-2365-4681-8DE9-5EB4DAD34402}
		{CF132663-0895-4522-9457-ED006BE32E86} = {31E0EB53-2365-4681-8DE9-5EB4DAD34402}
		{BB8017A5-359F-45BD-AE7B-2835EF380F79} = {16396CBE-692B-4FC7-A2D2-66DCDDD7FAD5}
		{FC6130F5-C5E5-442C-9E60-8BCCE5FE4514} = {16396CBE-692B-4FC7-A2D2-66DCDDD7FAD5}
		{A969A2E1-66A2-4DBE-9914-A96D4333411D} = {03C26D68-5166-41EF-A53D-502F4D70F144}
		{9BB625D1-1392-445A-88AA-1749DCD79A2D} = {03C26D68-5166-41EF-A53D-502F4D70F144}
		{AC2B7579-5D07-4FF3-9EE9-3792EC6FA2A7} = {03C26D68-5166-41EF-A53D-502F4D70F144}
		{1F07C830-1BD9-41A1-95CE-5DE132E43E10} = {16396CBE-692B-4FC7-A2D2-66DCDDD7FAD5}
		{3284B994-C1D0-4A8C-B83D-7E10DC27208C} = {B6418745-95F3-4B15-96C2-DC0114A9F6D7}
		{CCB80B24-94D5-4407-B89A-3094197845E1} = {03C26D68-5166-41EF-A53D-502F4D70F144}
		{6987F0B9-B7A5-4903-B574-AD75F05EFB6D} = {31E0EB53-2365-4681-8DE9-5EB4DAD34402}
		{02C995CF-8872-4370-8167-AFE25F68E17E} = {31E0EB53-2365-4681-8DE9-5EB4DAD34402}
		{F507F867-7FDA-4F57-8139-DF7D5443DE0C} = {B6418745-95F3-4B15-96C2-DC0114A9F6D7}
	EndGlobalSection
	GlobalSection(MonoDevelopProperties) = preSolution
		Policies = $0
		$0.StandardHeader = $1
		$1.Text = @Copyright (C) ${CopyrightHolder} - All Rights Reserved\nUnauthorized copying of this file, via any medium is strictly prohibited\nProprietary and confidential\n${AuthorName} ${AuthorEmail}, ${Year}
		version = 0.1.0
	EndGlobalSection
EndGlobal
